PODS:
  - "app_settings (3.0.0+1)":
    - Flutter
  - better_player (0.0.1):
    - Cache (~> 6.0.0)
    - Flutter
    - GCDWebServer
    - HLSCachingReverseProxyServer
    - PINCache
  - Bugly (2.5.91)
  - Cache (6.0.0)
  - connectivity_plus (0.0.1):
    - Flutter
    - ReachabilitySwift
  - device_info (0.0.1):
    - Flutter
  - device_info_plus (0.0.1):
    - Flutter
  - Flutter (1.0.0)
  - flutter_bugly (0.0.1):
    - Bugly
    - Flutter
  - flutter_keyboard_visibility (0.0.1):
    - Flutter
  - FMDB (2.7.5):
    - FMDB/standard (= 2.7.5)
  - FMDB/standard (2.7.5)
  - GCDWebServer (3.5.4):
    - GCDWebServer/Core (= 3.5.4)
  - GCDWebServer/Core (3.5.4)
  - HLSCachingReverseProxyServer (0.1.0):
    - GCDWebServer (~> 3.5)
    - PINCache (>= 3.0.1-beta.3)
  - j_platform_plugin (0.0.1):
    - Flutter
  - MMKV (1.2.11):
    - MMKVCore (~> 1.2.11)
  - MMKVCore (1.2.11)
  - mmkvflutter (1.2.12):
    - Flutter
    - MMKV (>= 1.2.11)
  - package_info_plus (0.4.5):
    - Flutter
  - path_provider_ios (0.0.1):
    - Flutter
  - PINCache (3.0.3):
    - PINCache/Arc-exception-safe (= 3.0.3)
    - PINCache/Core (= 3.0.3)
  - PINCache/Arc-exception-safe (3.0.3):
    - PINCache/Core
  - PINCache/Core (3.0.3):
    - PINOperation (~> 1.2.1)
  - PINOperation (1.2.1)
  - ReachabilitySwift (5.0.0)
  - share_plus (0.0.1):
    - Flutter
  - shared_preferences_ios (0.0.1):
    - Flutter
  - sqflite (0.0.2):
    - Flutter
    - FMDB (>= 2.7.5)
  - url_launcher_ios (0.0.1):
    - Flutter
  - wakelock (0.0.1):
    - Flutter
  - webview_flutter_wkwebview (0.0.1):
    - Flutter

DEPENDENCIES:
  - app_settings (from `.symlinks/plugins/app_settings/ios`)
  - better_player (from `.symlinks/plugins/better_player/ios`)
  - connectivity_plus (from `.symlinks/plugins/connectivity_plus/ios`)
  - device_info (from `.symlinks/plugins/device_info/ios`)
  - device_info_plus (from `.symlinks/plugins/device_info_plus/ios`)
  - Flutter (from `Flutter`)
  - flutter_bugly (from `.symlinks/plugins/flutter_bugly/ios`)
  - flutter_keyboard_visibility (from `.symlinks/plugins/flutter_keyboard_visibility/ios`)
  - j_platform_plugin (from `.symlinks/plugins/j_platform_plugin/ios`)
  - mmkvflutter (from `.symlinks/plugins/mmkvflutter/ios`)
  - package_info_plus (from `.symlinks/plugins/package_info_plus/ios`)
  - path_provider_ios (from `.symlinks/plugins/path_provider_ios/ios`)
  - share_plus (from `.symlinks/plugins/share_plus/ios`)
  - shared_preferences_ios (from `.symlinks/plugins/shared_preferences_ios/ios`)
  - sqflite (from `.symlinks/plugins/sqflite/ios`)
  - url_launcher_ios (from `.symlinks/plugins/url_launcher_ios/ios`)
  - wakelock (from `.symlinks/plugins/wakelock/ios`)
  - webview_flutter_wkwebview (from `.symlinks/plugins/webview_flutter_wkwebview/ios`)

SPEC REPOS:
  trunk:
    - Bugly
    - Cache
    - FMDB
    - GCDWebServer
    - HLSCachingReverseProxyServer
    - MMKV
    - MMKVCore
    - PINCache
    - PINOperation
    - ReachabilitySwift

EXTERNAL SOURCES:
  app_settings:
    :path: ".symlinks/plugins/app_settings/ios"
  better_player:
    :path: ".symlinks/plugins/better_player/ios"
  connectivity_plus:
    :path: ".symlinks/plugins/connectivity_plus/ios"
  device_info:
    :path: ".symlinks/plugins/device_info/ios"
  device_info_plus:
    :path: ".symlinks/plugins/device_info_plus/ios"
  Flutter:
    :path: Flutter
  flutter_bugly:
    :path: ".symlinks/plugins/flutter_bugly/ios"
  flutter_keyboard_visibility:
    :path: ".symlinks/plugins/flutter_keyboard_visibility/ios"
  j_platform_plugin:
    :path: ".symlinks/plugins/j_platform_plugin/ios"
  mmkvflutter:
    :path: ".symlinks/plugins/mmkvflutter/ios"
  package_info_plus:
    :path: ".symlinks/plugins/package_info_plus/ios"
  path_provider_ios:
    :path: ".symlinks/plugins/path_provider_ios/ios"
  share_plus:
    :path: ".symlinks/plugins/share_plus/ios"
  shared_preferences_ios:
    :path: ".symlinks/plugins/shared_preferences_ios/ios"
  sqflite:
    :path: ".symlinks/plugins/sqflite/ios"
  url_launcher_ios:
    :path: ".symlinks/plugins/url_launcher_ios/ios"
  wakelock:
    :path: ".symlinks/plugins/wakelock/ios"
  webview_flutter_wkwebview:
    :path: ".symlinks/plugins/webview_flutter_wkwebview/ios"

SPEC CHECKSUMS:
  app_settings: d103828c9f5d515c4df9ee754dabd443f7cedcf3
  better_player: 2406bfe8175203c7a46fa15f9d778d73b12e1646
  Bugly: afe841bba2ea6de6d432a3c125240a5e75949c55
  Cache: 4ca7e00363fca5455f26534e5607634c820ffc2d
  connectivity_plus: 413a8857dd5d9f1c399a39130850d02fe0feaf7e
  device_info: d7d233b645a32c40dfdc212de5cf646ca482f175
  device_info_plus: e5c5da33f982a436e103237c0c85f9031142abed
  Flutter: 50d75fe2f02b26cc09d224853bb45737f8b3214a
  flutter_bugly: c9800f4d5bc5bdc27ffdde3417a26ba44266e0c3
  flutter_keyboard_visibility: 0339d06371254c3eb25eeb90ba8d17dca8f9c069
  FMDB: 2ce00b547f966261cd18927a3ddb07cb6f3db82a
  GCDWebServer: 2c156a56c8226e2d5c0c3f208a3621ccffbe3ce4
  HLSCachingReverseProxyServer: 59935e1e0244ad7f3375d75b5ef46e8eb26ab181
  j_platform_plugin: 89f51532444037403bf6447ff354cabc8b6554cc
  MMKV: 217b643c181c3d2f71983206ca1972d0a6e99881
  MMKVCore: f9e4f56742fdebbd042f7a273e278927f182cee7
  mmkvflutter: cdea011cb84db3227494ddc3858a19d5ce623a52
  package_info_plus: 6c92f08e1f853dc01228d6f553146438dafcd14e
  path_provider_ios: 7d7ce634493af4477d156294792024ec3485acd5
  PINCache: 7a8fc1a691173d21dbddbf86cd515de6efa55086
  PINOperation: 00c935935f1e8cf0d1e2d6b542e75b88fc3e5e20
  ReachabilitySwift: 985039c6f7b23a1da463388634119492ff86c825
  share_plus: 056a1e8ac890df3e33cb503afffaf1e9b4fbae68
  shared_preferences_ios: aef470a42dc4675a1cdd50e3158b42e3d1232b32
  sqflite: 6d358c025f5b867b29ed92fc697fd34924e11904
  url_launcher_ios: 02f1989d4e14e998335b02b67a7590fa34f971af
  wakelock: d0fc7c864128eac40eba1617cb5264d9c940b46f
  webview_flutter_wkwebview: 005fbd90c888a42c5690919a1527ecc6649e1162

PODFILE CHECKSUM: 1ea2175ad83c35b73624e94ae453d66e657b2653

COCOAPODS: 1.10.1
